
Microsoft Visual Studio Solution File, Format Version 12.00
# Visual Studio 2015
Project("{FAE04EC0-301F-11D3-BF4B-00C04F79EFBC}") = "E2_CinematicaYFisica", "E2_CinematicaYFisica.csproj", "{6464BE1F-E832-17A8-4FE0-249852B30A87}"
EndProject
Global
	GlobalSection(SolutionConfigurationPlatforms) = preSolution
		Debug|Any CPU = Debug|Any CPU
		Release|Any CPU = Release|Any CPU
	EndGlobalSection
	GlobalSection(ProjectConfigurationPlatforms) = postSolution
		{6464BE1F-E832-17A8-4FE0-249852B30A87}.Debug|Any CPU.ActiveCfg = Debug|Any CPU
		{6464BE1F-E832-17A8-4FE0-249852B30A87}.Debug|Any CPU.Build.0 = Debug|Any CPU
		{6464BE1F-E832-17A8-4FE0-249852B30A87}.Release|Any CPU.ActiveCfg = Release|Any CPU
		{6464BE1F-E832-17A8-4FE0-249852B30A87}.Release|Any CPU.Build.0 = Release|Any CPU
	EndGlobalSection
	GlobalSection(SolutionProperties) = preSolution
		HideSolutionNode = FALSE
	EndGlobalSection
EndGlobal
