
Microsoft Visual Studio Solution File, Format Version 12.00
# Visual Studio 2015
Project("{FAE04EC0-301F-11D3-BF4B-00C04F79EFBC}") = "E1", "E1.csproj", "{900FD07D-2130-E219-747E-CE6499A77694}"
EndProject
Global
	GlobalSection(SolutionConfigurationPlatforms) = preSolution
		Debug|Any CPU = Debug|Any CPU
		Release|Any CPU = Release|Any CPU
	EndGlobalSection
	GlobalSection(ProjectConfigurationPlatforms) = postSolution
		{900FD07D-2130-E219-747E-CE6499A77694}.Debug|Any CPU.ActiveCfg = Debug|Any CPU
		{900FD07D-2130-E219-747E-CE6499A77694}.Debug|Any CPU.Build.0 = Debug|Any CPU
		{900FD07D-2130-E219-747E-CE6499A77694}.Release|Any CPU.ActiveCfg = Release|Any CPU
		{900FD07D-2130-E219-747E-CE6499A77694}.Release|Any CPU.Build.0 = Release|Any CPU
	EndGlobalSection
	GlobalSection(SolutionProperties) = preSolution
		HideSolutionNode = FALSE
	EndGlobalSection
EndGlobal
